{
  "nodes": {
    "comin": {
      "inputs": {
        "nixpkgs": "nixpkgs"
      },
      "locked": {
        "lastModified": 1720044867,
        "narHash": "sha256-XMg2UohlbzQCBNBT2IbxEuPi4xSrd7QxWGES2sirytY=",
        "owner": "r33drichards",
        "repo": "comin",
        "rev": "696d8f68791fa36cb093c9aece3694bf03fe30a1",
        "type": "github"
      },
      "original": {
        "owner": "r33drichards",
        "repo": "comin",
        "rev": "696d8f68791fa36cb093c9aece3694bf03fe30a1",
        "type": "github"
      }
    },
    "fenix": {
      "inputs": {
        "nixpkgs": [
          "nixpkgs"
        ],
        "rust-analyzer-src": "rust-analyzer-src"
      },
      "locked": {
        "lastModified": 1719988193,
        "narHash": "sha256-RKKOQ5LxhSh6VCuLr5HsLUF2JWQqFeiPiQ3zSkEtBXg=",
        "owner": "nix-community",
        "repo": "fenix",
        "rev": "aec88e528fb93a3b6381905a3d54ce89d07b6df9",
        "type": "github"
      },
      "original": {
        "owner": "nix-community",
        "repo": "fenix",
        "type": "github"
      }
    },
    "flake-utils": {
      "inputs": {
        "systems": "systems"
      },
      "locked": {
        "lastModified": 1710146030,
        "narHash": "sha256-SZ5L6eA7HJ/nmkzGG7/ISclqe6oZdOZTNoesiInkXPQ=",
        "owner": "numtide",
        "repo": "flake-utils",
        "rev": "b1d9ab70662946ef0850d488da1c9019f3a9752a",
        "type": "github"
      },
      "original": {
        "owner": "numtide",
        "repo": "flake-utils",
        "type": "github"
      }
    },
    "flakery": {
      "inputs": {
        "nixpkgs": "nixpkgs_2"
      },
      "locked": {
        "lastModified": 1719633769,
        "narHash": "sha256-oRfmgblqOLuUFlOt8U04QqBQUZL7QQr4CPn3jL8V8aM=",
        "owner": "getflakery",
        "repo": "flakes",
        "rev": "cf321c1b1199a1280d80117c50b0a6351a7e2a25",
        "type": "github"
      },
      "original": {
        "owner": "getflakery",
        "repo": "flakes",
        "type": "github"
      }
    },
    "nixlib": {
      "locked": {
        "lastModified": 1719708727,
        "narHash": "sha256-XFNKtyirrGNdehpg7lMNm1skEcBApjqGhaHc/OI95HY=",
        "owner": "nix-community",
        "repo": "nixpkgs.lib",
        "rev": "1bba8a624b3b9d4f68db94fb63aaeb46039ce9e6",
        "type": "github"
      },
      "original": {
        "owner": "nix-community",
        "repo": "nixpkgs.lib",
        "type": "github"
      }
    },
    "nixos-generators": {
      "inputs": {
        "nixlib": "nixlib",
        "nixpkgs": [
          "nixpkgs"
        ]
      },
      "locked": {
        "lastModified": 1719841141,
        "narHash": "sha256-WOyohxFJJdfDvEB7N3eTcX44lNU2rZes1inHsyHL7mM=",
        "owner": "nix-community",
        "repo": "nixos-generators",
        "rev": "140dcc2b9a0eb87ba5e9011076a1a7af19179ab1",
        "type": "github"
      },
      "original": {
        "owner": "nix-community",
        "repo": "nixos-generators",
        "type": "github"
      }
    },
    "nixpkgs": {
      "locked": {
        "lastModified": 1717281328,
        "narHash": "sha256-evZPzpf59oNcDUXxh2GHcxHkTEG4fjae2ytWP85jXRo=",
        "path": "/nix/store/f3rv70nrmkfya581f1j2z9a6yx0b83np-source",
        "rev": "b3b2b28c1daa04fe2ae47c21bb76fd226eac4ca1",
        "type": "path"
      },
      "original": {
        "id": "nixpkgs",
        "type": "indirect"
      }
    },
    "nixpkgs_2": {
      "locked": {
        "lastModified": 1700204040,
        "narHash": "sha256-xSVcS5HBYnD3LTer7Y2K8ZQCDCXMa3QUD1MzRjHzuhI=",
        "path": "/nix/store/rj6pqzx66pliiwdfk2wjnnlk40rm3mpd-source",
        "rev": "c757e9bd77b16ca2e03c89bf8bc9ecb28e0c06ad",
        "type": "path"
      },
      "original": {
        "id": "nixpkgs",
        "type": "indirect"
      }
    },
    "nixpkgs_3": {
      "locked": {
        "lastModified": 1717179513,
        "narHash": "sha256-vboIEwIQojofItm2xGCdZCzW96U85l9nDW3ifMuAIdM=",
        "owner": "NixOS",
        "repo": "nixpkgs",
        "rev": "63dacb46bf939521bdc93981b4cbb7ecb58427a0",
        "type": "github"
      },
      "original": {
        "owner": "NixOS",
        "ref": "24.05",
        "repo": "nixpkgs",
        "type": "github"
      }
    },
    "root": {
      "inputs": {
        "comin": "comin",
        "fenix": "fenix",
        "flake-utils": "flake-utils",
        "flakery": "flakery",
        "nixos-generators": "nixos-generators",
        "nixpkgs": "nixpkgs_3",
        "unstable": "unstable"
      }
    },
    "rust-analyzer-src": {
      "flake": false,
      "locked": {
        "lastModified": 1719922854,
        "narHash": "sha256-Y6dMioLP5nQHpTJCu5y3FtxTe5DDXop31D6dpsvlxQQ=",
        "owner": "rust-lang",
        "repo": "rust-analyzer",
        "rev": "4981f00bb6a9f677b5a139e3749c4942175d6751",
        "type": "github"
      },
      "original": {
        "owner": "rust-lang",
        "ref": "nightly",
        "repo": "rust-analyzer",
        "type": "github"
      }
    },
    "systems": {
      "locked": {
        "lastModified": 1681028828,
        "narHash": "sha256-Vy1rq5AaRuLzOxct8nz4T6wlgyUR7zLU309k9mBC768=",
        "owner": "nix-systems",
        "repo": "default",
        "rev": "da67096a3b9bf56a91d16901293e51ba5b49a27e",
        "type": "github"
      },
      "original": {
        "owner": "nix-systems",
        "repo": "default",
        "type": "github"
      }
    },
    "unstable": {
      "locked": {
        "lastModified": 1719848872,
        "narHash": "sha256-H3+EC5cYuq+gQW8y0lSrrDZfH71LB4DAf+TDFyvwCNA=",
        "owner": "NixOS",
        "repo": "nixpkgs",
        "rev": "00d80d13810dbfea8ab4ed1009b09100cca86ba8",
        "type": "github"
      },
      "original": {
        "owner": "NixOS",
        "ref": "nixos-unstable",
        "repo": "nixpkgs",
        "type": "github"
      }
    }
  },
  "root": "root",
  "version": 7
}
