{
  "nodes": {
    "comin": {
      "inputs": {
        "nixpkgs": "nixpkgs"
      },
      "locked": {
        "lastModified": 1710793215,
        "narHash": "sha256-FYnhm+aOoU2R/VD0g1bIazzLYQAV3wxYLJE4DcJk3QU=",
        "owner": "r33drichards",
        "repo": "comin",
        "rev": "8f8352537ca4ecdcad06b1b4ede4465d37dbd00c",
        "type": "github"
      },
      "original": {
        "owner": "r33drichards",
        "repo": "comin",
        "rev": "8f8352537ca4ecdcad06b1b4ede4465d37dbd00c",
        "type": "github"
      }
    },
    "fenix": {
      "inputs": {
        "nixpkgs": [
          "nixpkgs"
        ],
        "rust-analyzer-src": "rust-analyzer-src"
      },
      "locked": {
        "lastModified": 1717396054,
        "narHash": "sha256-kv6DlD1pSvlIG8vOqHBhpquH/7OAa9f5tDoYUlHK0zQ=",
        "owner": "nix-community",
        "repo": "fenix",
        "rev": "287ad8ef730c3bdbfbd643dca8bc4d3ff15fad84",
        "type": "github"
      },
      "original": {
        "owner": "nix-community",
        "repo": "fenix",
        "type": "github"
      }
    },
    "flake-utils": {
      "inputs": {
        "systems": "systems"
      },
      "locked": {
        "lastModified": 1705309234,
        "narHash": "sha256-uNRRNRKmJyCRC/8y1RqBkqWBLM034y4qN7EprSdmgyA=",
        "owner": "numtide",
        "repo": "flake-utils",
        "rev": "1ef2e671c3b0c19053962c07dbda38332dcebf26",
        "type": "github"
      },
      "original": {
        "owner": "numtide",
        "repo": "flake-utils",
        "type": "github"
      }
    },
    "flakery": {
      "inputs": {
        "nixpkgs": "nixpkgs_2"
      },
      "locked": {
        "lastModified": 1711512632,
        "narHash": "sha256-/mkHWfHOeOYVJsemIGPL0fELjXpUgPGFE5aBdhuiPQk=",
        "owner": "getflakery",
        "repo": "flakes",
        "rev": "e418e1945b7b1e6fdaadc9cc84cf1daeca3c3117",
        "type": "github"
      },
      "original": {
        "owner": "getflakery",
        "repo": "flakes",
        "type": "github"
      }
    },
    "nixlib": {
      "locked": {
        "lastModified": 1711846064,
        "narHash": "sha256-cqfX0QJNEnge3a77VnytM0Q6QZZ0DziFXt6tSCV8ZSc=",
        "owner": "nix-community",
        "repo": "nixpkgs.lib",
        "rev": "90b1a963ff84dc532db92f678296ff2499a60a87",
        "type": "github"
      },
      "original": {
        "owner": "nix-community",
        "repo": "nixpkgs.lib",
        "type": "github"
      }
    },
    "nixos-generators": {
      "inputs": {
        "nixlib": "nixlib",
        "nixpkgs": [
          "nixpkgs"
        ]
      },
      "locked": {
        "lastModified": 1711932680,
        "narHash": "sha256-CEpVtyB7uyRprTuiG+lpWWMvM/C0CbY/dbBuxT5BDwM=",
        "owner": "nix-community",
        "repo": "nixos-generators",
        "rev": "1f4c32ca4295bb7cca1e48a2f39b65490b249b0b",
        "type": "github"
      },
      "original": {
        "owner": "nix-community",
        "repo": "nixos-generators",
        "type": "github"
      }
    },
    "nixpkgs": {
      "locked": {
        "lastModified": 1701539137,
        "narHash": "sha256-nVO/5QYpf1GwjvtpXhyxx5M3U/WN0MwBro4Lsk+9mL0=",
        "path": "/nix/store/chi01x4fh8hx7wwh0rqd7m1c8583iyhv-source",
        "rev": "933d7dc155096e7575d207be6fb7792bc9f34f6d",
        "type": "path"
      },
      "original": {
        "id": "nixpkgs",
        "type": "indirect"
      }
    },
    "nixpkgs_2": {
      "locked": {
        "lastModified": 1700204040,
        "narHash": "sha256-xSVcS5HBYnD3LTer7Y2K8ZQCDCXMa3QUD1MzRjHzuhI=",
        "path": "/nix/store/rj6pqzx66pliiwdfk2wjnnlk40rm3mpd-source",
        "rev": "c757e9bd77b16ca2e03c89bf8bc9ecb28e0c06ad",
        "type": "path"
      },
      "original": {
        "id": "nixpkgs",
        "type": "indirect"
      }
    },
    "nixpkgs_3": {
      "locked": {
        "lastModified": 1701282334,
        "narHash": "sha256-MxCVrXY6v4QmfTwIysjjaX0XUhqBbxTWWB4HXtDYsdk=",
        "owner": "NixOS",
        "repo": "nixpkgs",
        "rev": "057f9aecfb71c4437d2b27d3323df7f93c010b7e",
        "type": "github"
      },
      "original": {
        "owner": "NixOS",
        "ref": "23.11",
        "repo": "nixpkgs",
        "type": "github"
      }
    },
    "root": {
      "inputs": {
        "comin": "comin",
        "fenix": "fenix",
        "flake-utils": "flake-utils",
        "flakery": "flakery",
        "nixos-generators": "nixos-generators",
        "nixpkgs": "nixpkgs_3",
        "unstable": "unstable"
      }
    },
    "rust-analyzer-src": {
      "flake": false,
      "locked": {
        "lastModified": 1717356655,
        "narHash": "sha256-7ZKcQoNc4Od+oXdZQdTDbaPRpKW64WH0adSBlqzqWHU=",
        "owner": "rust-lang",
        "repo": "rust-analyzer",
        "rev": "7852a4c775375f438c4ab13c760c69200d8099b4",
        "type": "github"
      },
      "original": {
        "owner": "rust-lang",
        "ref": "nightly",
        "repo": "rust-analyzer",
        "type": "github"
      }
    },
    "systems": {
      "locked": {
        "lastModified": 1681028828,
        "narHash": "sha256-Vy1rq5AaRuLzOxct8nz4T6wlgyUR7zLU309k9mBC768=",
        "owner": "nix-systems",
        "repo": "default",
        "rev": "da67096a3b9bf56a91d16901293e51ba5b49a27e",
        "type": "github"
      },
      "original": {
        "owner": "nix-systems",
        "repo": "default",
        "type": "github"
      }
    },
    "unstable": {
      "locked": {
        "lastModified": 1717786204,
        "narHash": "sha256-4q0s6m0GUcN7q+Y2DqD27iLvbcd1G50T2lv08kKxkSI=",
        "owner": "NixOS",
        "repo": "nixpkgs",
        "rev": "051f920625ab5aabe37c920346e3e69d7d34400e",
        "type": "github"
      },
      "original": {
        "owner": "NixOS",
        "ref": "nixos-unstable",
        "repo": "nixpkgs",
        "type": "github"
      }
    }
  },
  "root": "root",
  "version": 7
}
